
Microsoft Visual Studio Solution File, Format Version 12.00
# Visual Studio Version 17
VisualStudioVersion = 17.8.34525.116
MinimumVisualStudioVersion = 10.0.40219.1
Project("{FAE04EC0-301F-11D3-BF4B-00C04F79EFBC}") = "Banking_Project", "Banking_Project\Banking_Project.csproj", "{A0BAADA1-0CF1-4C4C-880E-999A4F1ECDCE}"
EndProject
Global
	GlobalSection(SolutionConfigurationPlatforms) = preSolution
		Debug|Any CPU = Debug|Any CPU
		Release|Any CPU = Release|Any CPU
	EndGlobalSection
	GlobalSection(ProjectConfigurationPlatforms) = postSolution
		{A0BAADA1-0CF1-4C4C-880E-999A4F1ECDCE}.Debug|Any CPU.ActiveCfg = Debug|Any CPU
		{A0BAADA1-0CF1-4C4C-880E-999A4F1ECDCE}.Debug|Any CPU.Build.0 = Debug|Any CPU
		{A0BAADA1-0CF1-4C4C-880E-999A4F1ECDCE}.Release|Any CPU.ActiveCfg = Release|Any CPU
		{A0BAADA1-0CF1-4C4C-880E-999A4F1ECDCE}.Release|Any CPU.Build.0 = Release|Any CPU
	EndGlobalSection
	GlobalSection(SolutionProperties) = preSolution
		HideSolutionNode = FALSE
	EndGlobalSection
	GlobalSection(ExtensibilityGlobals) = postSolution
		SolutionGuid = {7D1D875D-6667-473F-9EB7-9061F87C5BB5}
	EndGlobalSection
EndGlobal
